{
  "originHash" : "79d9676e68df2b9c2959d211f83573b9d1f0a05fc8c21d1a5fd87d34f2ff3dd8",
  "pins" : [
    {
      "identity" : "mytracker-ios-spm",
      "kind" : "remoteSourceControl",
      "location" : "https://github.com/myTrackerSDK/mytracker-ios-spm.git",
      "state" : {
        "revision" : "bbd0468cfa1a3b93aeab8f8304ece39141e1aeba",
        "version" : "3.4.2"
      }
    }
  ],
  "version" : 3
}
